<Solution>
  <Folder Name="/Presenters/">
    <Project Path="Presenters/Meetzy.Web/Meetzy.Web.csproj" />
  </Folder>
  <Project Path="Core/Meetzy.Application/Meetzy.Application.csproj" />
  <Project Path="Core/Meetzy.Domain/Meetzy.Domain.csproj" />
  <Project Path="Infrastructure/Meetzy.Persistence/Meetzy.Persistence.csproj" />
  <Project Path="Tests/Meetzy.Tests/Meetzy.Tests.csproj" />
</Solution>
